
Microsoft Visual Studio Solution File, Format Version 12.00
# Visual Studio Version 17
VisualStudioVersion = 17.8.34408.163
MinimumVisualStudioVersion = 10.0.40219.1
Project("{FAE04EC0-301F-11D3-BF4B-00C04F79EFBC}") = "Backend.WebApi", "Backend.WebApi\Backend.WebApi.csproj", "{50A1E855-9E9C-45F4-A8C0-20218812756E}"
EndProject
Global
	GlobalSection(SolutionConfigurationPlatforms) = preSolution
		Debug|Any CPU = Debug|Any CPU
		Release|Any CPU = Release|Any CPU
	EndGlobalSection
	GlobalSection(ProjectConfigurationPlatforms) = postSolution
		{50A1E855-9E9C-45F4-A8C0-20218812756E}.Debug|Any CPU.ActiveCfg = Debug|Any CPU
		{50A1E855-9E9C-45F4-A8C0-20218812756E}.Debug|Any CPU.Build.0 = Debug|Any CPU
		{50A1E855-9E9C-45F4-A8C0-20218812756E}.Release|Any CPU.ActiveCfg = Release|Any CPU
		{50A1E855-9E9C-45F4-A8C0-20218812756E}.Release|Any CPU.Build.0 = Release|Any CPU
	EndGlobalSection
	GlobalSection(SolutionProperties) = preSolution
		HideSolutionNode = FALSE
	EndGlobalSection
	GlobalSection(ExtensibilityGlobals) = postSolution
		SolutionGuid = {2C628042-BCB6-4D0F-9B3A-DC4D4AB9C626}
	EndGlobalSection
EndGlobal
